
Microsoft Visual Studio Solution File, Format Version 12.00
# Visual Studio Version 17
VisualStudioVersion = 17.14.36705.20 d17.14
MinimumVisualStudioVersion = 10.0.40219.1
Project("{2150E333-8FDC-42A3-9474-1A3956D46DE8}") = "Store", "Store", "{02EA681E-C7D8-13C7-8484-4AC65E1B71E8}"
EndProject
Project("{2150E333-8FDC-42A3-9474-1A3956D46DE8}") = "Central", "Central", "{EB69E5D9-BCC6-41F4-ABC8-B174B43813C9}"
EndProject
Project("{2150E333-8FDC-42A3-9474-1A3956D46DE8}") = "Server", "Server", "{68120946-B833-43D0-B56A-AB529B4173AA}"
EndProject
Project("{2150E333-8FDC-42A3-9474-1A3956D46DE8}") = "Client", "Client", "{4B0EED9F-291F-4A93-AA5D-0905D18F0209}"
EndProject
Project("{2150E333-8FDC-42A3-9474-1A3956D46DE8}") = "Server", "Server", "{E6B9A8FD-CEAA-4B96-BD9D-B365B1C94DE2}"
EndProject
Project("{2150E333-8FDC-42A3-9474-1A3956D46DE8}") = "Client", "Client", "{26CB5F37-B19C-44A4-A6D9-C865DC72264B}"
EndProject
Project("{FAE04EC0-301F-11D3-BF4B-00C04F79EFBC}") = "Central.API", "Central\Server\Central.API.csproj", "{DDBB24D9-A181-47AB-8EDC-121E4A7F3529}"
EndProject
Project("{FAE04EC0-301F-11D3-BF4B-00C04F79EFBC}") = "Central.Client", "Central\Central.Client\Central.Client.csproj", "{8A07DA28-9EEE-4248-981C-631A832B510D}"
EndProject
Project("{FAE04EC0-301F-11D3-BF4B-00C04F79EFBC}") = "Store.Client", "Store\Store.Client\Store.Client.csproj", "{D91FCFA9-0341-4D66-AD5E-6FC2B16708ED}"
EndProject
Project("{FAE04EC0-301F-11D3-BF4B-00C04F79EFBC}") = "Store.API", "Store\Store.Server\Store.API.csproj", "{E28E2FB5-4F7B-4821-8273-1EC1E5B33738}"
EndProject
Project("{2150E333-8FDC-42A3-9474-1A3956D46DE8}") = "Shared", "Shared", "{C680A1A5-A825-4539-9363-3DDBD1D64B2B}"
EndProject
Project("{FAE04EC0-301F-11D3-BF4B-00C04F79EFBC}") = "Shared", "Shared\Shared\Shared.csproj", "{4821F8FD-1C29-43BB-9BD2-20D9972EE929}"
EndProject
Project("{2150E333-8FDC-42A3-9474-1A3956D46DE8}") = "Central.Tests", "Central.Tests", "{840B68B5-282C-468A-B85B-C9298F0F7493}"
EndProject
Project("{FAE04EC0-301F-11D3-BF4B-00C04F79EFBC}") = "Central.Tests", "Central.Tests\Central.Tests\Central.Tests.csproj", "{53AAE5B9-65E2-4F7E-A160-D63D470D1D40}"
EndProject
Project("{2150E333-8FDC-42A3-9474-1A3956D46DE8}") = "Store.Tests", "Store.Tests", "{C5B90B86-D61D-4DBB-9235-D0EE93A7BDE0}"
EndProject
Project("{FAE04EC0-301F-11D3-BF4B-00C04F79EFBC}") = "Store.Tests", "Store.Tests\Store.Tests\Store.Tests.csproj", "{77FAF7AF-58A2-4E74-9C6E-D0E59974EE2E}"
EndProject
Global
	GlobalSection(SolutionConfigurationPlatforms) = preSolution
		Debug|Any CPU = Debug|Any CPU
		Release|Any CPU = Release|Any CPU
	EndGlobalSection
	GlobalSection(ProjectConfigurationPlatforms) = postSolution
		{DDBB24D9-A181-47AB-8EDC-121E4A7F3529}.Debug|Any CPU.ActiveCfg = Debug|Any CPU
		{DDBB24D9-A181-47AB-8EDC-121E4A7F3529}.Debug|Any CPU.Build.0 = Debug|Any CPU
		{DDBB24D9-A181-47AB-8EDC-121E4A7F3529}.Release|Any CPU.ActiveCfg = Release|Any CPU
		{DDBB24D9-A181-47AB-8EDC-121E4A7F3529}.Release|Any CPU.Build.0 = Release|Any CPU
		{8A07DA28-9EEE-4248-981C-631A832B510D}.Debug|Any CPU.ActiveCfg = Debug|Any CPU
		{8A07DA28-9EEE-4248-981C-631A832B510D}.Debug|Any CPU.Build.0 = Debug|Any CPU
		{8A07DA28-9EEE-4248-981C-631A832B510D}.Release|Any CPU.ActiveCfg = Release|Any CPU
		{8A07DA28-9EEE-4248-981C-631A832B510D}.Release|Any CPU.Build.0 = Release|Any CPU
		{D91FCFA9-0341-4D66-AD5E-6FC2B16708ED}.Debug|Any CPU.ActiveCfg = Debug|Any CPU
		{D91FCFA9-0341-4D66-AD5E-6FC2B16708ED}.Debug|Any CPU.Build.0 = Debug|Any CPU
		{D91FCFA9-0341-4D66-AD5E-6FC2B16708ED}.Release|Any CPU.ActiveCfg = Release|Any CPU
		{D91FCFA9-0341-4D66-AD5E-6FC2B16708ED}.Release|Any CPU.Build.0 = Release|Any CPU
		{E28E2FB5-4F7B-4821-8273-1EC1E5B33738}.Debug|Any CPU.ActiveCfg = Debug|Any CPU
		{E28E2FB5-4F7B-4821-8273-1EC1E5B33738}.Debug|Any CPU.Build.0 = Debug|Any CPU
		{E28E2FB5-4F7B-4821-8273-1EC1E5B33738}.Release|Any CPU.ActiveCfg = Release|Any CPU
		{E28E2FB5-4F7B-4821-8273-1EC1E5B33738}.Release|Any CPU.Build.0 = Release|Any CPU
		{4821F8FD-1C29-43BB-9BD2-20D9972EE929}.Debug|Any CPU.ActiveCfg = Debug|Any CPU
		{4821F8FD-1C29-43BB-9BD2-20D9972EE929}.Debug|Any CPU.Build.0 = Debug|Any CPU
		{4821F8FD-1C29-43BB-9BD2-20D9972EE929}.Release|Any CPU.ActiveCfg = Release|Any CPU
		{4821F8FD-1C29-43BB-9BD2-20D9972EE929}.Release|Any CPU.Build.0 = Release|Any CPU
		{53AAE5B9-65E2-4F7E-A160-D63D470D1D40}.Debug|Any CPU.ActiveCfg = Debug|Any CPU
		{53AAE5B9-65E2-4F7E-A160-D63D470D1D40}.Debug|Any CPU.Build.0 = Debug|Any CPU
		{53AAE5B9-65E2-4F7E-A160-D63D470D1D40}.Release|Any CPU.ActiveCfg = Release|Any CPU
		{53AAE5B9-65E2-4F7E-A160-D63D470D1D40}.Release|Any CPU.Build.0 = Release|Any CPU
		{77FAF7AF-58A2-4E74-9C6E-D0E59974EE2E}.Debug|Any CPU.ActiveCfg = Debug|Any CPU
		{77FAF7AF-58A2-4E74-9C6E-D0E59974EE2E}.Debug|Any CPU.Build.0 = Debug|Any CPU
		{77FAF7AF-58A2-4E74-9C6E-D0E59974EE2E}.Release|Any CPU.ActiveCfg = Release|Any CPU
		{77FAF7AF-58A2-4E74-9C6E-D0E59974EE2E}.Release|Any CPU.Build.0 = Release|Any CPU
	EndGlobalSection
	GlobalSection(SolutionProperties) = preSolution
		HideSolutionNode = FALSE
	EndGlobalSection
	GlobalSection(NestedProjects) = preSolution
		{68120946-B833-43D0-B56A-AB529B4173AA} = {EB69E5D9-BCC6-41F4-ABC8-B174B43813C9}
		{4B0EED9F-291F-4A93-AA5D-0905D18F0209} = {EB69E5D9-BCC6-41F4-ABC8-B174B43813C9}
		{E6B9A8FD-CEAA-4B96-BD9D-B365B1C94DE2} = {02EA681E-C7D8-13C7-8484-4AC65E1B71E8}
		{26CB5F37-B19C-44A4-A6D9-C865DC72264B} = {02EA681E-C7D8-13C7-8484-4AC65E1B71E8}
		{DDBB24D9-A181-47AB-8EDC-121E4A7F3529} = {68120946-B833-43D0-B56A-AB529B4173AA}
		{8A07DA28-9EEE-4248-981C-631A832B510D} = {4B0EED9F-291F-4A93-AA5D-0905D18F0209}
		{D91FCFA9-0341-4D66-AD5E-6FC2B16708ED} = {26CB5F37-B19C-44A4-A6D9-C865DC72264B}
		{E28E2FB5-4F7B-4821-8273-1EC1E5B33738} = {E6B9A8FD-CEAA-4B96-BD9D-B365B1C94DE2}
		{4821F8FD-1C29-43BB-9BD2-20D9972EE929} = {C680A1A5-A825-4539-9363-3DDBD1D64B2B}
		{53AAE5B9-65E2-4F7E-A160-D63D470D1D40} = {840B68B5-282C-468A-B85B-C9298F0F7493}
		{77FAF7AF-58A2-4E74-9C6E-D0E59974EE2E} = {C5B90B86-D61D-4DBB-9235-D0EE93A7BDE0}
	EndGlobalSection
	GlobalSection(ExtensibilityGlobals) = postSolution
		SolutionGuid = {A95A9C13-D75F-4D1D-AA8A-2B685009CE0A}
	EndGlobalSection
EndGlobal
